// !$*UTF8*$!
{
	archiveVersion = 1;
	classes = {
	};
	objectVersion = 55;
	objects = {

/* Begin PBXBuildFile section */
		9C1E5DB6293F738A00F6DB35 /* ImageCollectionViewCell.swift in Sources */ = {isa = PBXBuildFile; fileRef = 9C1E5DB5293F738A00F6DB35 /* ImageCollectionViewCell.swift */; };
		9C1E5DB9293F84A000F6DB35 /* ModuleBuilder.swift in Sources */ = {isa = PBXBuildFile; fileRef = 9C1E5DB8293F84A000F6DB35 /* ModuleBuilder.swift */; };
		9C1E5DBB293F84A500F6DB35 /* Router.swift in Sources */ = {isa = PBXBuildFile; fileRef = 9C1E5DBA293F84A500F6DB35 /* Router.swift */; };
		9C1E5DBE293F8B4D00F6DB35 /* ImageCellViewModel.swift in Sources */ = {isa = PBXBuildFile; fileRef = 9C1E5DBD293F8B4D00F6DB35 /* ImageCellViewModel.swift */; };
		9C6BE8A9293E3679007CCEC3 /* AppDelegate.swift in Sources */ = {isa = PBXBuildFile; fileRef = 9C6BE8A8293E3679007CCEC3 /* AppDelegate.swift */; };
		9C6BE8AB293E3679007CCEC3 /* SceneDelegate.swift in Sources */ = {isa = PBXBuildFile; fileRef = 9C6BE8AA293E3679007CCEC3 /* SceneDelegate.swift */; };
		9C6BE8AD293E3679007CCEC3 /* RecipesListViewController.swift in Sources */ = {isa = PBXBuildFile; fileRef = 9C6BE8AC293E3679007CCEC3 /* RecipesListViewController.swift */; };
		9C6BE8B2293E367A007CCEC3 /* Assets.xcassets in Resources */ = {isa = PBXBuildFile; fileRef = 9C6BE8B1293E367A007CCEC3 /* Assets.xcassets */; };
		9C6BE8B5293E367A007CCEC3 /* LaunchScreen.storyboard in Resources */ = {isa = PBXBuildFile; fileRef = 9C6BE8B3293E367A007CCEC3 /* LaunchScreen.storyboard */; };
		9C6BE8C1293E377B007CCEC3 /* SnapKit in Frameworks */ = {isa = PBXBuildFile; productRef = 9C6BE8C0293E377B007CCEC3 /* SnapKit */; };
		9C6BE8CD293E3AF7007CCEC3 /* RecipesList.swift in Sources */ = {isa = PBXBuildFile; fileRef = 9C6BE8CC293E3AF7007CCEC3 /* RecipesList.swift */; };
		9C6BE8D1293E3B64007CCEC3 /* DetailViewController.swift in Sources */ = {isa = PBXBuildFile; fileRef = 9C6BE8D0293E3B64007CCEC3 /* DetailViewController.swift */; };
		9CAC13C2293E61D400075CE6 /* NetworkTask.swift in Sources */ = {isa = PBXBuildFile; fileRef = 9CAC13C1293E61D400075CE6 /* NetworkTask.swift */; };
		9CC33887293F12FA00DA1C7D /* RecipeCellViewModel.swift in Sources */ = {isa = PBXBuildFile; fileRef = 9CC33886293F12FA00DA1C7D /* RecipeCellViewModel.swift */; };
		9CC33889293F131000DA1C7D /* RecipeListViewModel.swift in Sources */ = {isa = PBXBuildFile; fileRef = 9CC33888293F131000DA1C7D /* RecipeListViewModel.swift */; };
		9CC3388B293F17EF00DA1C7D /* DetailsViewModel.swift in Sources */ = {isa = PBXBuildFile; fileRef = 9CC3388A293F17EF00DA1C7D /* DetailsViewModel.swift */; };
		9CEBD84D293E3FBC00178DC5 /* RecipeTableViewCell.swift in Sources */ = {isa = PBXBuildFile; fileRef = 9CEBD84C293E3FBC00178DC5 /* RecipeTableViewCell.swift */; };
		9CEBD850293E41FB00178DC5 /* SDWebImage in Frameworks */ = {isa = PBXBuildFile; productRef = 9CEBD84F293E41FB00178DC5 /* SDWebImage */; };
/* End PBXBuildFile section */

/* Begin PBXFileReference section */
		9C1E5DB5293F738A00F6DB35 /* ImageCollectionViewCell.swift */ = {isa = PBXFileReference; lastKnownFileType = sourcecode.swift; path = ImageCollectionViewCell.swift; sourceTree = "<group>"; };
		9C1E5DB8293F84A000F6DB35 /* ModuleBuilder.swift */ = {isa = PBXFileReference; lastKnownFileType = sourcecode.swift; path = ModuleBuilder.swift; sourceTree = "<group>"; };
		9C1E5DBA293F84A500F6DB35 /* Router.swift */ = {isa = PBXFileReference; lastKnownFileType = sourcecode.swift; path = Router.swift; sourceTree = "<group>"; };
		9C1E5DBD293F8B4D00F6DB35 /* ImageCellViewModel.swift */ = {isa = PBXFileReference; lastKnownFileType = sourcecode.swift; path = ImageCellViewModel.swift; sourceTree = "<group>"; };
		9C6BE8A5293E3679007CCEC3 /* MyRecipes.app */ = {isa = PBXFileReference; explicitFileType = wrapper.application; includeInIndex = 0; path = MyRecipes.app; sourceTree = BUILT_PRODUCTS_DIR; };
		9C6BE8A8293E3679007CCEC3 /* AppDelegate.swift */ = {isa = PBXFileReference; lastKnownFileType = sourcecode.swift; path = AppDelegate.swift; sourceTree = "<group>"; };
		9C6BE8AA293E3679007CCEC3 /* SceneDelegate.swift */ = {isa = PBXFileReference; lastKnownFileType = sourcecode.swift; path = SceneDelegate.swift; sourceTree = "<group>"; };
		9C6BE8AC293E3679007CCEC3 /* RecipesListViewController.swift */ = {isa = PBXFileReference; lastKnownFileType = sourcecode.swift; path = RecipesListViewController.swift; sourceTree = "<group>"; };
		9C6BE8B1293E367A007CCEC3 /* Assets.xcassets */ = {isa = PBXFileReference; lastKnownFileType = folder.assetcatalog; path = Assets.xcassets; sourceTree = "<group>"; };
		9C6BE8B4293E367A007CCEC3 /* Base */ = {isa = PBXFileReference; lastKnownFileType = file.storyboard; name = Base; path = Base.lproj/LaunchScreen.storyboard; sourceTree = "<group>"; };
		9C6BE8B6293E367A007CCEC3 /* Info.plist */ = {isa = PBXFileReference; lastKnownFileType = text.plist.xml; path = Info.plist; sourceTree = "<group>"; };
		9C6BE8CC293E3AF7007CCEC3 /* RecipesList.swift */ = {isa = PBXFileReference; lastKnownFileType = sourcecode.swift; path = RecipesList.swift; sourceTree = "<group>"; };
		9C6BE8D0293E3B64007CCEC3 /* DetailViewController.swift */ = {isa = PBXFileReference; lastKnownFileType = sourcecode.swift; path = DetailViewController.swift; sourceTree = "<group>"; };
		9CAC13C1293E61D400075CE6 /* NetworkTask.swift */ = {isa = PBXFileReference; lastKnownFileType = sourcecode.swift; path = NetworkTask.swift; sourceTree = "<group>"; };
		9CC33886293F12FA00DA1C7D /* RecipeCellViewModel.swift */ = {isa = PBXFileReference; lastKnownFileType = sourcecode.swift; path = RecipeCellViewModel.swift; sourceTree = "<group>"; };
		9CC33888293F131000DA1C7D /* RecipeListViewModel.swift */ = {isa = PBXFileReference; lastKnownFileType = sourcecode.swift; path = RecipeListViewModel.swift; sourceTree = "<group>"; };
		9CC3388A293F17EF00DA1C7D /* DetailsViewModel.swift */ = {isa = PBXFileReference; lastKnownFileType = sourcecode.swift; path = DetailsViewModel.swift; sourceTree = "<group>"; };
		9CEBD84C293E3FBC00178DC5 /* RecipeTableViewCell.swift */ = {isa = PBXFileReference; lastKnownFileType = sourcecode.swift; path = RecipeTableViewCell.swift; sourceTree = "<group>"; };
/* End PBXFileReference section */

/* Begin PBXFrameworksBuildPhase section */
		9C6BE8A2293E3679007CCEC3 /* Frameworks */ = {
			isa = PBXFrameworksBuildPhase;
			buildActionMask = 2147483647;
			files = (
				9CEBD850293E41FB00178DC5 /* SDWebImage in Frameworks */,
				9C6BE8C1293E377B007CCEC3 /* SnapKit in Frameworks */,
			);
			runOnlyForDeploymentPostprocessing = 0;
		};
/* End PBXFrameworksBuildPhase section */

/* Begin PBXGroup section */
		9C1E5DB7293F849800F6DB35 /* Helpers */ = {
			isa = PBXGroup;
			children = (
				9C1E5DB8293F84A000F6DB35 /* ModuleBuilder.swift */,
				9C1E5DBA293F84A500F6DB35 /* Router.swift */,
			);
			path = Helpers;
			sourceTree = "<group>";
		};
		9C1E5DBC293F8B0D00F6DB35 /* Cell */ = {
			isa = PBXGroup;
			children = (
				9C1E5DB5293F738A00F6DB35 /* ImageCollectionViewCell.swift */,
				9C1E5DBD293F8B4D00F6DB35 /* ImageCellViewModel.swift */,
			);
			path = Cell;
			sourceTree = "<group>";
		};
		9C6BE89C293E3679007CCEC3 = {
			isa = PBXGroup;
			children = (
				9C6BE8A7293E3679007CCEC3 /* MyRecipes */,
				9C6BE8A6293E3679007CCEC3 /* Products */,
			);
			sourceTree = "<group>";
		};
		9C6BE8A6293E3679007CCEC3 /* Products */ = {
			isa = PBXGroup;
			children = (
				9C6BE8A5293E3679007CCEC3 /* MyRecipes.app */,
			);
			name = Products;
			sourceTree = "<group>";
		};
		9C6BE8A7293E3679007CCEC3 /* MyRecipes */ = {
			isa = PBXGroup;
			children = (
				9C6BE8BD293E3747007CCEC3 /* Resources */,
				9C6BE8BC293E3744007CCEC3 /* Sources */,
			);
			path = MyRecipes;
			sourceTree = "<group>";
		};
		9C6BE8BC293E3744007CCEC3 /* Sources */ = {
			isa = PBXGroup;
			children = (
				9C6BE8BE293E3751007CCEC3 /* App */,
				9C1E5DB7293F849800F6DB35 /* Helpers */,
				9C6BE8CB293E3AD8007CCEC3 /* Service */,
				9C6BE8CA293E3AD4007CCEC3 /* Model */,
				9C6BE8C7293E3912007CCEC3 /* Modules */,
				9C6BE8B3293E367A007CCEC3 /* LaunchScreen.storyboard */,
			);
			path = Sources;
			sourceTree = "<group>";
		};
		9C6BE8BD293E3747007CCEC3 /* Resources */ = {
			isa = PBXGroup;
			children = (
				9C6BE8B6293E367A007CCEC3 /* Info.plist */,
				9C6BE8B1293E367A007CCEC3 /* Assets.xcassets */,
			);
			path = Resources;
			sourceTree = "<group>";
		};
		9C6BE8BE293E3751007CCEC3 /* App */ = {
			isa = PBXGroup;
			children = (
				9C6BE8A8293E3679007CCEC3 /* AppDelegate.swift */,
				9C6BE8AA293E3679007CCEC3 /* SceneDelegate.swift */,
			);
			path = App;
			sourceTree = "<group>";
		};
		9C6BE8C7293E3912007CCEC3 /* Modules */ = {
			isa = PBXGroup;
			children = (
				9C6BE8C8293E391F007CCEC3 /* ListScreen */,
				9C6BE8C9293E3923007CCEC3 /* DetailsScreen */,
			);
			path = Modules;
			sourceTree = "<group>";
		};
		9C6BE8C8293E391F007CCEC3 /* ListScreen */ = {
			isa = PBXGroup;
			children = (
				9CC33885293F12E800DA1C7D /* Cell */,
				9C6BE8AC293E3679007CCEC3 /* RecipesListViewController.swift */,
				9CC33888293F131000DA1C7D /* RecipeListViewModel.swift */,
			);
			path = ListScreen;
			sourceTree = "<group>";
		};
		9C6BE8C9293E3923007CCEC3 /* DetailsScreen */ = {
			isa = PBXGroup;
			children = (
				9C1E5DBC293F8B0D00F6DB35 /* Cell */,
				9C6BE8D0293E3B64007CCEC3 /* DetailViewController.swift */,
				9CC3388A293F17EF00DA1C7D /* DetailsViewModel.swift */,
			);
			path = DetailsScreen;
			sourceTree = "<group>";
		};
		9C6BE8CA293E3AD4007CCEC3 /* Model */ = {
			isa = PBXGroup;
			children = (
				9C6BE8CC293E3AF7007CCEC3 /* RecipesList.swift */,
			);
			path = Model;
			sourceTree = "<group>";
		};
		9C6BE8CB293E3AD8007CCEC3 /* Service */ = {
			isa = PBXGroup;
			children = (
				9CAC13C1293E61D400075CE6 /* NetworkTask.swift */,
			);
			path = Service;
			sourceTree = "<group>";
		};
		9CC33885293F12E800DA1C7D /* Cell */ = {
			isa = PBXGroup;
			children = (
				9CEBD84C293E3FBC00178DC5 /* RecipeTableViewCell.swift */,
				9CC33886293F12FA00DA1C7D /* RecipeCellViewModel.swift */,
			);
			path = Cell;
			sourceTree = "<group>";
		};
/* End PBXGroup section */

/* Begin PBXNativeTarget section */
		9C6BE8A4293E3679007CCEC3 /* MyRecipes */ = {
			isa = PBXNativeTarget;
			buildConfigurationList = 9C6BE8B9293E367A007CCEC3 /* Build configuration list for PBXNativeTarget "MyRecipes" */;
			buildPhases = (
				9C6BE8A1293E3679007CCEC3 /* Sources */,
				9C6BE8A2293E3679007CCEC3 /* Frameworks */,
				9C6BE8A3293E3679007CCEC3 /* Resources */,
			);
			buildRules = (
			);
			dependencies = (
			);
			name = MyRecipes;
			packageProductDependencies = (
				9C6BE8C0293E377B007CCEC3 /* SnapKit */,
				9CEBD84F293E41FB00178DC5 /* SDWebImage */,
			);
			productName = MyRecipes;
			productReference = 9C6BE8A5293E3679007CCEC3 /* MyRecipes.app */;
			productType = "com.apple.product-type.application";
		};
/* End PBXNativeTarget section */

/* Begin PBXProject section */
		9C6BE89D293E3679007CCEC3 /* Project object */ = {
			isa = PBXProject;
			attributes = {
				BuildIndependentTargetsInParallel = 1;
				LastSwiftUpdateCheck = 1330;
				LastUpgradeCheck = 1330;
				TargetAttributes = {
					9C6BE8A4293E3679007CCEC3 = {
						CreatedOnToolsVersion = 13.3.1;
					};
				};
			};
			buildConfigurationList = 9C6BE8A0293E3679007CCEC3 /* Build configuration list for PBXProject "MyRecipes" */;
			compatibilityVersion = "Xcode 13.0";
			developmentRegion = en;
			hasScannedForEncodings = 0;
			knownRegions = (
				en,
				Base,
			);
			mainGroup = 9C6BE89C293E3679007CCEC3;
			packageReferences = (
				9C6BE8BF293E377B007CCEC3 /* XCRemoteSwiftPackageReference "SnapKit" */,
				9CEBD84E293E41FB00178DC5 /* XCRemoteSwiftPackageReference "SDWebImage" */,
			);
			productRefGroup = 9C6BE8A6293E3679007CCEC3 /* Products */;
			projectDirPath = "";
			projectRoot = "";
			targets = (
				9C6BE8A4293E3679007CCEC3 /* MyRecipes */,
			);
		};
/* End PBXProject section */

/* Begin PBXResourcesBuildPhase section */
		9C6BE8A3293E3679007CCEC3 /* Resources */ = {
			isa = PBXResourcesBuildPhase;
			buildActionMask = 2147483647;
			files = (
				9C6BE8B5293E367A007CCEC3 /* LaunchScreen.storyboard in Resources */,
				9C6BE8B2293E367A007CCEC3 /* Assets.xcassets in Resources */,
			);
			runOnlyForDeploymentPostprocessing = 0;
		};
/* End PBXResourcesBuildPhase section */

/* Begin PBXSourcesBuildPhase section */
		9C6BE8A1293E3679007CCEC3 /* Sources */ = {
			isa = PBXSourcesBuildPhase;
			buildActionMask = 2147483647;
			files = (
				9CC33889293F131000DA1C7D /* RecipeListViewModel.swift in Sources */,
				9CAC13C2293E61D400075CE6 /* NetworkTask.swift in Sources */,
				9C1E5DB6293F738A00F6DB35 /* ImageCollectionViewCell.swift in Sources */,
				9CC33887293F12FA00DA1C7D /* RecipeCellViewModel.swift in Sources */,
				9C6BE8AD293E3679007CCEC3 /* RecipesListViewController.swift in Sources */,
				9CEBD84D293E3FBC00178DC5 /* RecipeTableViewCell.swift in Sources */,
				9C6BE8A9293E3679007CCEC3 /* AppDelegate.swift in Sources */,
				9C6BE8AB293E3679007CCEC3 /* SceneDelegate.swift in Sources */,
				9C6BE8CD293E3AF7007CCEC3 /* RecipesList.swift in Sources */,
				9C6BE8D1293E3B64007CCEC3 /* DetailViewController.swift in Sources */,
				9C1E5DBE293F8B4D00F6DB35 /* ImageCellViewModel.swift in Sources */,
				9CC3388B293F17EF00DA1C7D /* DetailsViewModel.swift in Sources */,
				9C1E5DB9293F84A000F6DB35 /* ModuleBuilder.swift in Sources */,
				9C1E5DBB293F84A500F6DB35 /* Router.swift in Sources */,
			);
			runOnlyForDeploymentPostprocessing = 0;
		};
/* End PBXSourcesBuildPhase section */

/* Begin PBXVariantGroup section */
		9C6BE8B3293E367A007CCEC3 /* LaunchScreen.storyboard */ = {
			isa = PBXVariantGroup;
			children = (
				9C6BE8B4293E367A007CCEC3 /* Base */,
			);
			name = LaunchScreen.storyboard;
			sourceTree = "<group>";
		};
/* End PBXVariantGroup section */

/* Begin XCBuildConfiguration section */
		9C6BE8B7293E367A007CCEC3 /* Debug */ = {
			isa = XCBuildConfiguration;
			buildSettings = {
				ALWAYS_SEARCH_USER_PATHS = NO;
				CLANG_ANALYZER_NONNULL = YES;
				CLANG_ANALYZER_NUMBER_OBJECT_CONVERSION = YES_AGGRESSIVE;
				CLANG_CXX_LANGUAGE_STANDARD = "gnu++17";
				CLANG_ENABLE_MODULES = YES;
				CLANG_ENABLE_OBJC_ARC = YES;
				CLANG_ENABLE_OBJC_WEAK = YES;
				CLANG_WARN_BLOCK_CAPTURE_AUTORELEASING = YES;
				CLANG_WARN_BOOL_CONVERSION = YES;
				CLANG_WARN_COMMA = YES;
				CLANG_WARN_CONSTANT_CONVERSION = YES;
				CLANG_WARN_DEPRECATED_OBJC_IMPLEMENTATIONS = YES;
				CLANG_WARN_DIRECT_OBJC_ISA_USAGE = YES_ERROR;
				CLANG_WARN_DOCUMENTATION_COMMENTS = YES;
				CLANG_WARN_EMPTY_BODY = YES;
				CLANG_WARN_ENUM_CONVERSION = YES;
				CLANG_WARN_INFINITE_RECURSION = YES;
				CLANG_WARN_INT_CONVERSION = YES;
				CLANG_WARN_NON_LITERAL_NULL_CONVERSION = YES;
				CLANG_WARN_OBJC_IMPLICIT_RETAIN_SELF = YES;
				CLANG_WARN_OBJC_LITERAL_CONVERSION = YES;
				CLANG_WARN_OBJC_ROOT_CLASS = YES_ERROR;
				CLANG_WARN_QUOTED_INCLUDE_IN_FRAMEWORK_HEADER = YES;
				CLANG_WARN_RANGE_LOOP_ANALYSIS = YES;
				CLANG_WARN_STRICT_PROTOTYPES = YES;
				CLANG_WARN_SUSPICIOUS_MOVE = YES;
				CLANG_WARN_UNGUARDED_AVAILABILITY = YES_AGGRESSIVE;
				CLANG_WARN_UNREACHABLE_CODE = YES;
				CLANG_WARN__DUPLICATE_METHOD_MATCH = YES;
				COPY_PHASE_STRIP = NO;
				DEBUG_INFORMATION_FORMAT = dwarf;
				ENABLE_STRICT_OBJC_MSGSEND = YES;
				ENABLE_TESTABILITY = YES;
				GCC_C_LANGUAGE_STANDARD = gnu11;
				GCC_DYNAMIC_NO_PIC = NO;
				GCC_NO_COMMON_BLOCKS = YES;
				GCC_OPTIMIZATION_LEVEL = 0;
				GCC_PREPROCESSOR_DEFINITIONS = (
					"DEBUG=1",
					"$(inherited)",
				);
				GCC_WARN_64_TO_32_BIT_CONVERSION = YES;
				GCC_WARN_ABOUT_RETURN_TYPE = YES_ERROR;
				GCC_WARN_UNDECLARED_SELECTOR = YES;
				GCC_WARN_UNINITIALIZED_AUTOS = YES_AGGRESSIVE;
				GCC_WARN_UNUSED_FUNCTION = YES;
				GCC_WARN_UNUSED_VARIABLE = YES;
				IPHONEOS_DEPLOYMENT_TARGET = 15.4;
				MTL_ENABLE_DEBUG_INFO = INCLUDE_SOURCE;
				MTL_FAST_MATH = YES;
				ONLY_ACTIVE_ARCH = YES;
				SDKROOT = iphoneos;
				SWIFT_ACTIVE_COMPILATION_CONDITIONS = DEBUG;
				SWIFT_OPTIMIZATION_LEVEL = "-Onone";
			};
			name = Debug;
		};
		9C6BE8B8293E367A007CCEC3 /* Release */ = {
			isa = XCBuildConfiguration;
			buildSettings = {
				ALWAYS_SEARCH_USER_PATHS = NO;
				CLANG_ANALYZER_NONNULL = YES;
				CLANG_ANALYZER_NUMBER_OBJECT_CONVERSION = YES_AGGRESSIVE;
				CLANG_CXX_LANGUAGE_STANDARD = "gnu++17";
				CLANG_ENABLE_MODULES = YES;
				CLANG_ENABLE_OBJC_ARC = YES;
				CLANG_ENABLE_OBJC_WEAK = YES;
				CLANG_WARN_BLOCK_CAPTURE_AUTORELEASING = YES;
				CLANG_WARN_BOOL_CONVERSION = YES;
				CLANG_WARN_COMMA = YES;
				CLANG_WARN_CONSTANT_CONVERSION = YES;
				CLANG_WARN_DEPRECATED_OBJC_IMPLEMENTATIONS = YES;
				CLANG_WARN_DIRECT_OBJC_ISA_USAGE = YES_ERROR;
				CLANG_WARN_DOCUMENTATION_COMMENTS = YES;
				CLANG_WARN_EMPTY_BODY = YES;
				CLANG_WARN_ENUM_CONVERSION = YES;
				CLANG_WARN_INFINITE_RECURSION = YES;
				CLANG_WARN_INT_CONVERSION = YES;
				CLANG_WARN_NON_LITERAL_NULL_CONVERSION = YES;
				CLANG_WARN_OBJC_IMPLICIT_RETAIN_SELF = YES;
				CLANG_WARN_OBJC_LITERAL_CONVERSION = YES;
				CLANG_WARN_OBJC_ROOT_CLASS = YES_ERROR;
				CLANG_WARN_QUOTED_INCLUDE_IN_FRAMEWORK_HEADER = YES;
				CLANG_WARN_RANGE_LOOP_ANALYSIS = YES;
				CLANG_WARN_STRICT_PROTOTYPES = YES;
				CLANG_WARN_SUSPICIOUS_MOVE = YES;
				CLANG_WARN_UNGUARDED_AVAILABILITY = YES_AGGRESSIVE;
				CLANG_WARN_UNREACHABLE_CODE = YES;
				CLANG_WARN__DUPLICATE_METHOD_MATCH = YES;
				COPY_PHASE_STRIP = NO;
				DEBUG_INFORMATION_FORMAT = "dwarf-with-dsym";
				ENABLE_NS_ASSERTIONS = NO;
				ENABLE_STRICT_OBJC_MSGSEND = YES;
				GCC_C_LANGUAGE_STANDARD = gnu11;
				GCC_NO_COMMON_BLOCKS = YES;
				GCC_WARN_64_TO_32_BIT_CONVERSION = YES;
				GCC_WARN_ABOUT_RETURN_TYPE = YES_ERROR;
				GCC_WARN_UNDECLARED_SELECTOR = YES;
				GCC_WARN_UNINITIALIZED_AUTOS = YES_AGGRESSIVE;
				GCC_WARN_UNUSED_FUNCTION = YES;
				GCC_WARN_UNUSED_VARIABLE = YES;
				IPHONEOS_DEPLOYMENT_TARGET = 15.4;
				MTL_ENABLE_DEBUG_INFO = NO;
				MTL_FAST_MATH = YES;
				SDKROOT = iphoneos;
				SWIFT_COMPILATION_MODE = wholemodule;
				SWIFT_OPTIMIZATION_LEVEL = "-O";
				VALIDATE_PRODUCT = YES;
			};
			name = Release;
		};
		9C6BE8BA293E367A007CCEC3 /* Debug */ = {
			isa = XCBuildConfiguration;
			buildSettings = {
				ASSETCATALOG_COMPILER_APPICON_NAME = AppIcon;
				ASSETCATALOG_COMPILER_GLOBAL_ACCENT_COLOR_NAME = AccentColor;
				CODE_SIGN_STYLE = Automatic;
				CURRENT_PROJECT_VERSION = 1;
				DEVELOPMENT_TEAM = SWG4FB8T87;
				GENERATE_INFOPLIST_FILE = YES;
				INFOPLIST_FILE = MyRecipes/Resources/Info.plist;
				INFOPLIST_KEY_UIApplicationSupportsIndirectInputEvents = YES;
				INFOPLIST_KEY_UILaunchStoryboardName = LaunchScreen;
				INFOPLIST_KEY_UISupportedInterfaceOrientations_iPad = "UIInterfaceOrientationPortrait UIInterfaceOrientationPortraitUpsideDown UIInterfaceOrientationLandscapeLeft UIInterfaceOrientationLandscapeRight";
				INFOPLIST_KEY_UISupportedInterfaceOrientations_iPhone = "UIInterfaceOrientationPortrait UIInterfaceOrientationLandscapeLeft UIInterfaceOrientationLandscapeRight";
				LD_RUNPATH_SEARCH_PATHS = (
					"$(inherited)",
					"@executable_path/Frameworks",
				);
				MARKETING_VERSION = 1.0;
				PRODUCT_BUNDLE_IDENTIFIER = "Artem-Golikov.MyRecipes";
				PRODUCT_NAME = "$(TARGET_NAME)";
				SWIFT_EMIT_LOC_STRINGS = YES;
				SWIFT_VERSION = 5.0;
				TARGETED_DEVICE_FAMILY = "1,2";
			};
			name = Debug;
		};
		9C6BE8BB293E367A007CCEC3 /* Release */ = {
			isa = XCBuildConfiguration;
			buildSettings = {
				ASSETCATALOG_COMPILER_APPICON_NAME = AppIcon;
				ASSETCATALOG_COMPILER_GLOBAL_ACCENT_COLOR_NAME = AccentColor;
				CODE_SIGN_STYLE = Automatic;
				CURRENT_PROJECT_VERSION = 1;
				DEVELOPMENT_TEAM = SWG4FB8T87;
				GENERATE_INFOPLIST_FILE = YES;
				INFOPLIST_FILE = MyRecipes/Resources/Info.plist;
				INFOPLIST_KEY_UIApplicationSupportsIndirectInputEvents = YES;
				INFOPLIST_KEY_UILaunchStoryboardName = LaunchScreen;
				INFOPLIST_KEY_UISupportedInterfaceOrientations_iPad = "UIInterfaceOrientationPortrait UIInterfaceOrientationPortraitUpsideDown UIInterfaceOrientationLandscapeLeft UIInterfaceOrientationLandscapeRight";
				INFOPLIST_KEY_UISupportedInterfaceOrientations_iPhone = "UIInterfaceOrientationPortrait UIInterfaceOrientationLandscapeLeft UIInterfaceOrientationLandscapeRight";
				LD_RUNPATH_SEARCH_PATHS = (
					"$(inherited)",
					"@executable_path/Frameworks",
				);
				MARKETING_VERSION = 1.0;
				PRODUCT_BUNDLE_IDENTIFIER = "Artem-Golikov.MyRecipes";
				PRODUCT_NAME = "$(TARGET_NAME)";
				SWIFT_EMIT_LOC_STRINGS = YES;
				SWIFT_VERSION = 5.0;
				TARGETED_DEVICE_FAMILY = "1,2";
			};
			name = Release;
		};
/* End XCBuildConfiguration section */

/* Begin XCConfigurationList section */
		9C6BE8A0293E3679007CCEC3 /* Build configuration list for PBXProject "MyRecipes" */ = {
			isa = XCConfigurationList;
			buildConfigurations = (
				9C6BE8B7293E367A007CCEC3 /* Debug */,
				9C6BE8B8293E367A007CCEC3 /* Release */,
			);
			defaultConfigurationIsVisible = 0;
			defaultConfigurationName = Release;
		};
		9C6BE8B9293E367A007CCEC3 /* Build configuration list for PBXNativeTarget "MyRecipes" */ = {
			isa = XCConfigurationList;
			buildConfigurations = (
				9C6BE8BA293E367A007CCEC3 /* Debug */,
				9C6BE8BB293E367A007CCEC3 /* Release */,
			);
			defaultConfigurationIsVisible = 0;
			defaultConfigurationName = Release;
		};
/* End XCConfigurationList section */

/* Begin XCRemoteSwiftPackageReference section */
		9C6BE8BF293E377B007CCEC3 /* XCRemoteSwiftPackageReference "SnapKit" */ = {
			isa = XCRemoteSwiftPackageReference;
			repositoryURL = "https://github.com/SnapKit/SnapKit.git";
			requirement = {
				kind = upToNextMajorVersion;
				minimumVersion = 5.0.0;
			};
		};
		9CEBD84E293E41FB00178DC5 /* XCRemoteSwiftPackageReference "SDWebImage" */ = {
			isa = XCRemoteSwiftPackageReference;
			repositoryURL = "https://github.com/SDWebImage/SDWebImage.git";
			requirement = {
				kind = upToNextMajorVersion;
				minimumVersion = 5.0.0;
			};
		};
/* End XCRemoteSwiftPackageReference section */

/* Begin XCSwiftPackageProductDependency section */
		9C6BE8C0293E377B007CCEC3 /* SnapKit */ = {
			isa = XCSwiftPackageProductDependency;
			package = 9C6BE8BF293E377B007CCEC3 /* XCRemoteSwiftPackageReference "SnapKit" */;
			productName = SnapKit;
		};
		9CEBD84F293E41FB00178DC5 /* SDWebImage */ = {
			isa = XCSwiftPackageProductDependency;
			package = 9CEBD84E293E41FB00178DC5 /* XCRemoteSwiftPackageReference "SDWebImage" */;
			productName = SDWebImage;
		};
/* End XCSwiftPackageProductDependency section */
	};
	rootObject = 9C6BE89D293E3679007CCEC3 /* Project object */;
}
